
Microsoft Visual Studio Solution File, Format Version 12.00
# Visual Studio Version 17
VisualStudioVersion = 17.1.32210.238
MinimumVisualStudioVersion = 10.0.40219.1
Project("{FAE04EC0-301F-11D3-BF4B-00C04F79EFBC}") = "IdentityManagement", "IdentityManagement.csproj", "{E194DD3C-3508-4DC6-8F05-2D62796D7174}"
EndProject
Global
	GlobalSection(SolutionConfigurationPlatforms) = preSolution
		Debug|Any CPU = Debug|Any CPU
		Release|Any CPU = Release|Any CPU
	EndGlobalSection
	GlobalSection(ProjectConfigurationPlatforms) = postSolution
		{E194DD3C-3508-4DC6-8F05-2D62796D7174}.Debug|Any CPU.ActiveCfg = Debug|Any CPU
		{E194DD3C-3508-4DC6-8F05-2D62796D7174}.Debug|Any CPU.Build.0 = Debug|Any CPU
		{E194DD3C-3508-4DC6-8F05-2D62796D7174}.Release|Any CPU.ActiveCfg = Release|Any CPU
		{E194DD3C-3508-4DC6-8F05-2D62796D7174}.Release|Any CPU.Build.0 = Release|Any CPU
	EndGlobalSection
	GlobalSection(SolutionProperties) = preSolution
		HideSolutionNode = FALSE
	EndGlobalSection
	GlobalSection(ExtensibilityGlobals) = postSolution
		SolutionGuid = {7F86C193-A88E-4510-892A-C7B71056D94F}
	EndGlobalSection
EndGlobal
